
Microsoft Visual Studio Solution File, Format Version 12.00
# Visual Studio Version 16
VisualStudioVersion = 16.0.31515.178
MinimumVisualStudioVersion = 10.0.40219.1
Project("{8BC9CEB8-8B4A-11D0-8D11-00A0C91BC942}") = "Pratice_coding_test", "Pratice_coding_test\Pratice_coding_test.vcxproj", "{F9495C8E-5321-494F-AA1F-C0E5C5EAEF14}"
EndProject
Global
	GlobalSection(SolutionConfigurationPlatforms) = preSolution
		Debug|x64 = Debug|x64
		Debug|x86 = Debug|x86
		Release|x64 = Release|x64
		Release|x86 = Release|x86
	EndGlobalSection
	GlobalSection(ProjectConfigurationPlatforms) = postSolution
		{F9495C8E-5321-494F-AA1F-C0E5C5EAEF14}.Debug|x64.ActiveCfg = Debug|x64
		{F9495C8E-5321-494F-AA1F-C0E5C5EAEF14}.Debug|x64.Build.0 = Debug|x64
		{F9495C8E-5321-494F-AA1F-C0E5C5EAEF14}.Debug|x86.ActiveCfg = Debug|Win32
		{F9495C8E-5321-494F-AA1F-C0E5C5EAEF14}.Debug|x86.Build.0 = Debug|Win32
		{F9495C8E-5321-494F-AA1F-C0E5C5EAEF14}.Release|x64.ActiveCfg = Release|x64
		{F9495C8E-5321-494F-AA1F-C0E5C5EAEF14}.Release|x64.Build.0 = Release|x64
		{F9495C8E-5321-494F-AA1F-C0E5C5EAEF14}.Release|x86.ActiveCfg = Release|Win32
		{F9495C8E-5321-494F-AA1F-C0E5C5EAEF14}.Release|x86.Build.0 = Release|Win32
	EndGlobalSection
	GlobalSection(SolutionProperties) = preSolution
		HideSolutionNode = FALSE
	EndGlobalSection
	GlobalSection(ExtensibilityGlobals) = postSolution
		SolutionGuid = {6F51CB5F-4E61-4BBA-B4A2-10C527D5D582}
	EndGlobalSection
EndGlobal
